
Microsoft Visual Studio Solution File, Format Version 12.00
# Visual Studio Version 16
VisualStudioVersion = 16.0.32630.194
MinimumVisualStudioVersion = 10.0.40219.1
Project("{9A19103F-16F7-4668-BE54-9A1E7A4F7556}") = "Authentication Lab", "Authentication Lab.csproj", "{7386F981-9614-46F2-8160-C18D0B9EEB2A}"
EndProject
Global
	GlobalSection(SolutionConfigurationPlatforms) = preSolution
		Debug|Any CPU = Debug|Any CPU
		Release|Any CPU = Release|Any CPU
	EndGlobalSection
	GlobalSection(ProjectConfigurationPlatforms) = postSolution
		{7386F981-9614-46F2-8160-C18D0B9EEB2A}.Debug|Any CPU.ActiveCfg = Debug|Any CPU
		{7386F981-9614-46F2-8160-C18D0B9EEB2A}.Debug|Any CPU.Build.0 = Debug|Any CPU
		{7386F981-9614-46F2-8160-C18D0B9EEB2A}.Release|Any CPU.ActiveCfg = Release|Any CPU
		{7386F981-9614-46F2-8160-C18D0B9EEB2A}.Release|Any CPU.Build.0 = Release|Any CPU
	EndGlobalSection
	GlobalSection(SolutionProperties) = preSolution
		HideSolutionNode = FALSE
	EndGlobalSection
	GlobalSection(ExtensibilityGlobals) = postSolution
		SolutionGuid = {A99FB7AC-D6CB-4E2E-B53F-D017B9E360D3}
	EndGlobalSection
EndGlobal
